
Microsoft Visual Studio Solution File, Format Version 11.00
# Visual Studio 2010
Project("{FAE04EC0-301F-11D3-BF4B-00C04F79EFBC}") = "GDNET.WebFramework", "GDNET.WebFramework\GDNET.WebFramework.csproj", "{B6CFA561-1D38-4B17-A654-7E8DDA4E30AB}"
EndProject
Project("{FAE04EC0-301F-11D3-BF4B-00C04F79EFBC}") = "GDNET.Domain", "GDNET.Domain\GDNET.Domain.csproj", "{5BCC7907-3BF7-4926-86E9-63B05C35E7E3}"
EndProject
Project("{FAE04EC0-301F-11D3-BF4B-00C04F79EFBC}") = "GDNET.NHibernate", "GDNET.NHibernate\GDNET.NHibernate.csproj", "{CD582D2C-7AE0-4D4F-8A0B-0EB40A446AB7}"
EndProject
Project("{2150E333-8FDC-42A3-9474-1A3956D46DE8}") = "Test", "Test", "{5B57277A-2B13-4313-8BB6-FB0412A249E3}"
EndProject
Project("{FAE04EC0-301F-11D3-BF4B-00C04F79EFBC}") = "GDNET.Tests", "GDNET.Tests\GDNET.Tests.csproj", "{5CCAE21F-639B-4367-B906-53C08A6835B5}"
EndProject
Project("{FAE04EC0-301F-11D3-BF4B-00C04F79EFBC}") = "GDNET.Utils", "GDNET.Utils\GDNET.Utils.csproj", "{132BB8B1-1578-4FE8-8E8E-52CE06C464FE}"
EndProject
Project("{FAE04EC0-301F-11D3-BF4B-00C04F79EFBC}") = "GDNET.Mapping", "GDNET.Mapping\GDNET.Mapping.csproj", "{A76D2DB0-0AF7-4AEE-8EC8-77D44DBAE90A}"
EndProject
Project("{FAE04EC0-301F-11D3-BF4B-00C04F79EFBC}") = "GDNET.Data", "GDNET.Data\GDNET.Data.csproj", "{3BFF9CA5-483A-490A-A446-A8EA1D64FCC5}"
EndProject
Project("{FAE04EC0-301F-11D3-BF4B-00C04F79EFBC}") = "GDNET.DataTests", "GDNET.DataTests\GDNET.DataTests.csproj", "{7AFB4366-E413-4315-B9D9-951950FF06CF}"
EndProject
Project("{FAE04EC0-301F-11D3-BF4B-00C04F79EFBC}") = "GDNET.Web", "GDNET.Web\GDNET.Web.csproj", "{1D25108D-7FBF-4077-84F8-0B2082C5CA4A}"
EndProject
Project("{FAE04EC0-301F-11D3-BF4B-00C04F79EFBC}") = "GDNET.FrameworkInfrastructure", "GDNET.FrameworkInfrastructure\GDNET.FrameworkInfrastructure.csproj", "{8DD4ABCD-BF2F-459C-8D12-01A89750E7F2}"
EndProject
Project("{FAE04EC0-301F-11D3-BF4B-00C04F79EFBC}") = "GDNET.Business", "GDNET.Business\GDNET.Business.csproj", "{F28887AD-6D90-44D0-9DAD-83571CA49539}"
EndProject
Project("{2150E333-8FDC-42A3-9474-1A3956D46DE8}") = "Domain", "Domain", "{5F216708-4CDA-4C1A-AC45-DCF2FBD693A9}"
EndProject
Project("{FAE04EC0-301F-11D3-BF4B-00C04F79EFBC}") = "GDNET.DataGeneration", "GDNET.DataGeneration\GDNET.DataGeneration.csproj", "{583D60DF-0CBA-48AE-AF01-991D8217DAB9}"
EndProject
Global
	GlobalSection(SolutionConfigurationPlatforms) = preSolution
		Debug|Any CPU = Debug|Any CPU
		Debug|Mixed Platforms = Debug|Mixed Platforms
		Debug|x86 = Debug|x86
		Release|Any CPU = Release|Any CPU
		Release|Mixed Platforms = Release|Mixed Platforms
		Release|x86 = Release|x86
	EndGlobalSection
	GlobalSection(ProjectConfigurationPlatforms) = postSolution
		{B6CFA561-1D38-4B17-A654-7E8DDA4E30AB}.Debug|Any CPU.ActiveCfg = Debug|Any CPU
		{B6CFA561-1D38-4B17-A654-7E8DDA4E30AB}.Debug|Any CPU.Build.0 = Debug|Any CPU
		{B6CFA561-1D38-4B17-A654-7E8DDA4E30AB}.Debug|Mixed Platforms.ActiveCfg = Debug|Any CPU
		{B6CFA561-1D38-4B17-A654-7E8DDA4E30AB}.Debug|Mixed Platforms.Build.0 = Debug|Any CPU
		{B6CFA561-1D38-4B17-A654-7E8DDA4E30AB}.Debug|x86.ActiveCfg = Debug|Any CPU
		{B6CFA561-1D38-4B17-A654-7E8DDA4E30AB}.Release|Any CPU.ActiveCfg = Release|Any CPU
		{B6CFA561-1D38-4B17-A654-7E8DDA4E30AB}.Release|Any CPU.Build.0 = Release|Any CPU
		{B6CFA561-1D38-4B17-A654-7E8DDA4E30AB}.Release|Mixed Platforms.ActiveCfg = Release|Any CPU
		{B6CFA561-1D38-4B17-A654-7E8DDA4E30AB}.Release|Mixed Platforms.Build.0 = Release|Any CPU
		{B6CFA561-1D38-4B17-A654-7E8DDA4E30AB}.Release|x86.ActiveCfg = Release|Any CPU
		{5BCC7907-3BF7-4926-86E9-63B05C35E7E3}.Debug|Any CPU.ActiveCfg = Debug|Any CPU
		{5BCC7907-3BF7-4926-86E9-63B05C35E7E3}.Debug|Any CPU.Build.0 = Debug|Any CPU
		{5BCC7907-3BF7-4926-86E9-63B05C35E7E3}.Debug|Mixed Platforms.ActiveCfg = Debug|Any CPU
		{5BCC7907-3BF7-4926-86E9-63B05C35E7E3}.Debug|Mixed Platforms.Build.0 = Debug|Any CPU
		{5BCC7907-3BF7-4926-86E9-63B05C35E7E3}.Debug|x86.ActiveCfg = Debug|Any CPU
		{5BCC7907-3BF7-4926-86E9-63B05C35E7E3}.Release|Any CPU.ActiveCfg = Release|Any CPU
		{5BCC7907-3BF7-4926-86E9-63B05C35E7E3}.Release|Any CPU.Build.0 = Release|Any CPU
		{5BCC7907-3BF7-4926-86E9-63B05C35E7E3}.Release|Mixed Platforms.ActiveCfg = Release|Any CPU
		{5BCC7907-3BF7-4926-86E9-63B05C35E7E3}.Release|Mixed Platforms.Build.0 = Release|Any CPU
		{5BCC7907-3BF7-4926-86E9-63B05C35E7E3}.Release|x86.ActiveCfg = Release|Any CPU
		{CD582D2C-7AE0-4D4F-8A0B-0EB40A446AB7}.Debug|Any CPU.ActiveCfg = Debug|Any CPU
		{CD582D2C-7AE0-4D4F-8A0B-0EB40A446AB7}.Debug|Any CPU.Build.0 = Debug|Any CPU
		{CD582D2C-7AE0-4D4F-8A0B-0EB40A446AB7}.Debug|Mixed Platforms.ActiveCfg = Debug|Any CPU
		{CD582D2C-7AE0-4D4F-8A0B-0EB40A446AB7}.Debug|Mixed Platforms.Build.0 = Debug|Any CPU
		{CD582D2C-7AE0-4D4F-8A0B-0EB40A446AB7}.Debug|x86.ActiveCfg = Debug|Any CPU
		{CD582D2C-7AE0-4D4F-8A0B-0EB40A446AB7}.Release|Any CPU.ActiveCfg = Release|Any CPU
		{CD582D2C-7AE0-4D4F-8A0B-0EB40A446AB7}.Release|Any CPU.Build.0 = Release|Any CPU
		{CD582D2C-7AE0-4D4F-8A0B-0EB40A446AB7}.Release|Mixed Platforms.ActiveCfg = Release|Any CPU
		{CD582D2C-7AE0-4D4F-8A0B-0EB40A446AB7}.Release|Mixed Platforms.Build.0 = Release|Any CPU
		{CD582D2C-7AE0-4D4F-8A0B-0EB40A446AB7}.Release|x86.ActiveCfg = Release|Any CPU
		{5CCAE21F-639B-4367-B906-53C08A6835B5}.Debug|Any CPU.ActiveCfg = Debug|Any CPU
		{5CCAE21F-639B-4367-B906-53C08A6835B5}.Debug|Any CPU.Build.0 = Debug|Any CPU
		{5CCAE21F-639B-4367-B906-53C08A6835B5}.Debug|Mixed Platforms.ActiveCfg = Debug|Any CPU
		{5CCAE21F-639B-4367-B906-53C08A6835B5}.Debug|Mixed Platforms.Build.0 = Debug|Any CPU
		{5CCAE21F-639B-4367-B906-53C08A6835B5}.Debug|x86.ActiveCfg = Debug|Any CPU
		{5CCAE21F-639B-4367-B906-53C08A6835B5}.Release|Any CPU.ActiveCfg = Release|Any CPU
		{5CCAE21F-639B-4367-B906-53C08A6835B5}.Release|Any CPU.Build.0 = Release|Any CPU
		{5CCAE21F-639B-4367-B906-53C08A6835B5}.Release|Mixed Platforms.ActiveCfg = Release|Any CPU
		{5CCAE21F-639B-4367-B906-53C08A6835B5}.Release|Mixed Platforms.Build.0 = Release|Any CPU
		{5CCAE21F-639B-4367-B906-53C08A6835B5}.Release|x86.ActiveCfg = Release|Any CPU
		{132BB8B1-1578-4FE8-8E8E-52CE06C464FE}.Debug|Any CPU.ActiveCfg = Debug|Any CPU
		{132BB8B1-1578-4FE8-8E8E-52CE06C464FE}.Debug|Any CPU.Build.0 = Debug|Any CPU
		{132BB8B1-1578-4FE8-8E8E-52CE06C464FE}.Debug|Mixed Platforms.ActiveCfg = Debug|Any CPU
		{132BB8B1-1578-4FE8-8E8E-52CE06C464FE}.Debug|Mixed Platforms.Build.0 = Debug|Any CPU
		{132BB8B1-1578-4FE8-8E8E-52CE06C464FE}.Debug|x86.ActiveCfg = Debug|Any CPU
		{132BB8B1-1578-4FE8-8E8E-52CE06C464FE}.Release|Any CPU.ActiveCfg = Release|Any CPU
		{132BB8B1-1578-4FE8-8E8E-52CE06C464FE}.Release|Any CPU.Build.0 = Release|Any CPU
		{132BB8B1-1578-4FE8-8E8E-52CE06C464FE}.Release|Mixed Platforms.ActiveCfg = Release|Any CPU
		{132BB8B1-1578-4FE8-8E8E-52CE06C464FE}.Release|Mixed Platforms.Build.0 = Release|Any CPU
		{132BB8B1-1578-4FE8-8E8E-52CE06C464FE}.Release|x86.ActiveCfg = Release|Any CPU
		{A76D2DB0-0AF7-4AEE-8EC8-77D44DBAE90A}.Debug|Any CPU.ActiveCfg = Debug|Any CPU
		{A76D2DB0-0AF7-4AEE-8EC8-77D44DBAE90A}.Debug|Any CPU.Build.0 = Debug|Any CPU
		{A76D2DB0-0AF7-4AEE-8EC8-77D44DBAE90A}.Debug|Mixed Platforms.ActiveCfg = Debug|Any CPU
		{A76D2DB0-0AF7-4AEE-8EC8-77D44DBAE90A}.Debug|Mixed Platforms.Build.0 = Debug|Any CPU
		{A76D2DB0-0AF7-4AEE-8EC8-77D44DBAE90A}.Debug|x86.ActiveCfg = Debug|Any CPU
		{A76D2DB0-0AF7-4AEE-8EC8-77D44DBAE90A}.Release|Any CPU.ActiveCfg = Release|Any CPU
		{A76D2DB0-0AF7-4AEE-8EC8-77D44DBAE90A}.Release|Any CPU.Build.0 = Release|Any CPU
		{A76D2DB0-0AF7-4AEE-8EC8-77D44DBAE90A}.Release|Mixed Platforms.ActiveCfg = Release|Any CPU
		{A76D2DB0-0AF7-4AEE-8EC8-77D44DBAE90A}.Release|Mixed Platforms.Build.0 = Release|Any CPU
		{A76D2DB0-0AF7-4AEE-8EC8-77D44DBAE90A}.Release|x86.ActiveCfg = Release|Any CPU
		{3BFF9CA5-483A-490A-A446-A8EA1D64FCC5}.Debug|Any CPU.ActiveCfg = Debug|Any CPU
		{3BFF9CA5-483A-490A-A446-A8EA1D64FCC5}.Debug|Any CPU.Build.0 = Debug|Any CPU
		{3BFF9CA5-483A-490A-A446-A8EA1D64FCC5}.Debug|Mixed Platforms.ActiveCfg = Debug|Any CPU
		{3BFF9CA5-483A-490A-A446-A8EA1D64FCC5}.Debug|Mixed Platforms.Build.0 = Debug|Any CPU
		{3BFF9CA5-483A-490A-A446-A8EA1D64FCC5}.Debug|x86.ActiveCfg = Debug|Any CPU
		{3BFF9CA5-483A-490A-A446-A8EA1D64FCC5}.Release|Any CPU.ActiveCfg = Release|Any CPU
		{3BFF9CA5-483A-490A-A446-A8EA1D64FCC5}.Release|Any CPU.Build.0 = Release|Any CPU
		{3BFF9CA5-483A-490A-A446-A8EA1D64FCC5}.Release|Mixed Platforms.ActiveCfg = Release|Any CPU
		{3BFF9CA5-483A-490A-A446-A8EA1D64FCC5}.Release|Mixed Platforms.Build.0 = Release|Any CPU
		{3BFF9CA5-483A-490A-A446-A8EA1D64FCC5}.Release|x86.ActiveCfg = Release|Any CPU
		{7AFB4366-E413-4315-B9D9-951950FF06CF}.Debug|Any CPU.ActiveCfg = Debug|Any CPU
		{7AFB4366-E413-4315-B9D9-951950FF06CF}.Debug|Any CPU.Build.0 = Debug|Any CPU
		{7AFB4366-E413-4315-B9D9-951950FF06CF}.Debug|Mixed Platforms.ActiveCfg = Debug|Any CPU
		{7AFB4366-E413-4315-B9D9-951950FF06CF}.Debug|Mixed Platforms.Build.0 = Debug|Any CPU
		{7AFB4366-E413-4315-B9D9-951950FF06CF}.Debug|x86.ActiveCfg = Debug|Any CPU
		{7AFB4366-E413-4315-B9D9-951950FF06CF}.Release|Any CPU.ActiveCfg = Release|Any CPU
		{7AFB4366-E413-4315-B9D9-951950FF06CF}.Release|Any CPU.Build.0 = Release|Any CPU
		{7AFB4366-E413-4315-B9D9-951950FF06CF}.Release|Mixed Platforms.ActiveCfg = Release|Any CPU
		{7AFB4366-E413-4315-B9D9-951950FF06CF}.Release|Mixed Platforms.Build.0 = Release|Any CPU
		{7AFB4366-E413-4315-B9D9-951950FF06CF}.Release|x86.ActiveCfg = Release|Any CPU
		{1D25108D-7FBF-4077-84F8-0B2082C5CA4A}.Debug|Any CPU.ActiveCfg = Debug|Any CPU
		{1D25108D-7FBF-4077-84F8-0B2082C5CA4A}.Debug|Any CPU.Build.0 = Debug|Any CPU
		{1D25108D-7FBF-4077-84F8-0B2082C5CA4A}.Debug|Mixed Platforms.ActiveCfg = Debug|Any CPU
		{1D25108D-7FBF-4077-84F8-0B2082C5CA4A}.Debug|Mixed Platforms.Build.0 = Debug|Any CPU
		{1D25108D-7FBF-4077-84F8-0B2082C5CA4A}.Debug|x86.ActiveCfg = Debug|Any CPU
		{1D25108D-7FBF-4077-84F8-0B2082C5CA4A}.Release|Any CPU.ActiveCfg = Release|Any CPU
		{1D25108D-7FBF-4077-84F8-0B2082C5CA4A}.Release|Any CPU.Build.0 = Release|Any CPU
		{1D25108D-7FBF-4077-84F8-0B2082C5CA4A}.Release|Mixed Platforms.ActiveCfg = Release|Any CPU
		{1D25108D-7FBF-4077-84F8-0B2082C5CA4A}.Release|Mixed Platforms.Build.0 = Release|Any CPU
		{1D25108D-7FBF-4077-84F8-0B2082C5CA4A}.Release|x86.ActiveCfg = Release|Any CPU
		{8DD4ABCD-BF2F-459C-8D12-01A89750E7F2}.Debug|Any CPU.ActiveCfg = Debug|Any CPU
		{8DD4ABCD-BF2F-459C-8D12-01A89750E7F2}.Debug|Any CPU.Build.0 = Debug|Any CPU
		{8DD4ABCD-BF2F-459C-8D12-01A89750E7F2}.Debug|Mixed Platforms.ActiveCfg = Debug|Any CPU
		{8DD4ABCD-BF2F-459C-8D12-01A89750E7F2}.Debug|Mixed Platforms.Build.0 = Debug|Any CPU
		{8DD4ABCD-BF2F-459C-8D12-01A89750E7F2}.Debug|x86.ActiveCfg = Debug|Any CPU
		{8DD4ABCD-BF2F-459C-8D12-01A89750E7F2}.Release|Any CPU.ActiveCfg = Release|Any CPU
		{8DD4ABCD-BF2F-459C-8D12-01A89750E7F2}.Release|Any CPU.Build.0 = Release|Any CPU
		{8DD4ABCD-BF2F-459C-8D12-01A89750E7F2}.Release|Mixed Platforms.ActiveCfg = Release|Any CPU
		{8DD4ABCD-BF2F-459C-8D12-01A89750E7F2}.Release|Mixed Platforms.Build.0 = Release|Any CPU
		{8DD4ABCD-BF2F-459C-8D12-01A89750E7F2}.Release|x86.ActiveCfg = Release|Any CPU
		{F28887AD-6D90-44D0-9DAD-83571CA49539}.Debug|Any CPU.ActiveCfg = Debug|Any CPU
		{F28887AD-6D90-44D0-9DAD-83571CA49539}.Debug|Any CPU.Build.0 = Debug|Any CPU
		{F28887AD-6D90-44D0-9DAD-83571CA49539}.Debug|Mixed Platforms.ActiveCfg = Debug|Any CPU
		{F28887AD-6D90-44D0-9DAD-83571CA49539}.Debug|Mixed Platforms.Build.0 = Debug|Any CPU
		{F28887AD-6D90-44D0-9DAD-83571CA49539}.Debug|x86.ActiveCfg = Debug|Any CPU
		{F28887AD-6D90-44D0-9DAD-83571CA49539}.Release|Any CPU.ActiveCfg = Release|Any CPU
		{F28887AD-6D90-44D0-9DAD-83571CA49539}.Release|Any CPU.Build.0 = Release|Any CPU
		{F28887AD-6D90-44D0-9DAD-83571CA49539}.Release|Mixed Platforms.ActiveCfg = Release|Any CPU
		{F28887AD-6D90-44D0-9DAD-83571CA49539}.Release|Mixed Platforms.Build.0 = Release|Any CPU
		{F28887AD-6D90-44D0-9DAD-83571CA49539}.Release|x86.ActiveCfg = Release|Any CPU
		{583D60DF-0CBA-48AE-AF01-991D8217DAB9}.Debug|Any CPU.ActiveCfg = Debug|x86
		{583D60DF-0CBA-48AE-AF01-991D8217DAB9}.Debug|Mixed Platforms.ActiveCfg = Debug|x86
		{583D60DF-0CBA-48AE-AF01-991D8217DAB9}.Debug|Mixed Platforms.Build.0 = Debug|x86
		{583D60DF-0CBA-48AE-AF01-991D8217DAB9}.Debug|x86.ActiveCfg = Debug|x86
		{583D60DF-0CBA-48AE-AF01-991D8217DAB9}.Debug|x86.Build.0 = Debug|x86
		{583D60DF-0CBA-48AE-AF01-991D8217DAB9}.Release|Any CPU.ActiveCfg = Release|x86
		{583D60DF-0CBA-48AE-AF01-991D8217DAB9}.Release|Mixed Platforms.ActiveCfg = Release|x86
		{583D60DF-0CBA-48AE-AF01-991D8217DAB9}.Release|Mixed Platforms.Build.0 = Release|x86
		{583D60DF-0CBA-48AE-AF01-991D8217DAB9}.Release|x86.ActiveCfg = Release|x86
		{583D60DF-0CBA-48AE-AF01-991D8217DAB9}.Release|x86.Build.0 = Release|x86
	EndGlobalSection
	GlobalSection(SolutionProperties) = preSolution
		HideSolutionNode = FALSE
	EndGlobalSection
	GlobalSection(NestedProjects) = preSolution
		{CD582D2C-7AE0-4D4F-8A0B-0EB40A446AB7} = {5F216708-4CDA-4C1A-AC45-DCF2FBD693A9}
		{132BB8B1-1578-4FE8-8E8E-52CE06C464FE} = {5F216708-4CDA-4C1A-AC45-DCF2FBD693A9}
		{A76D2DB0-0AF7-4AEE-8EC8-77D44DBAE90A} = {5F216708-4CDA-4C1A-AC45-DCF2FBD693A9}
		{3BFF9CA5-483A-490A-A446-A8EA1D64FCC5} = {5F216708-4CDA-4C1A-AC45-DCF2FBD693A9}
		{1D25108D-7FBF-4077-84F8-0B2082C5CA4A} = {5F216708-4CDA-4C1A-AC45-DCF2FBD693A9}
		{8DD4ABCD-BF2F-459C-8D12-01A89750E7F2} = {5F216708-4CDA-4C1A-AC45-DCF2FBD693A9}
		{F28887AD-6D90-44D0-9DAD-83571CA49539} = {5F216708-4CDA-4C1A-AC45-DCF2FBD693A9}
		{5BCC7907-3BF7-4926-86E9-63B05C35E7E3} = {5F216708-4CDA-4C1A-AC45-DCF2FBD693A9}
		{5CCAE21F-639B-4367-B906-53C08A6835B5} = {5B57277A-2B13-4313-8BB6-FB0412A249E3}
		{7AFB4366-E413-4315-B9D9-951950FF06CF} = {5B57277A-2B13-4313-8BB6-FB0412A249E3}
	EndGlobalSection
EndGlobal
