
Microsoft Visual Studio Solution File, Format Version 10.00
# Visual Studio 2008
Project("{FAE04EC0-301F-11D3-BF4B-00C04F79EFBC}") = "GoogleCode.Core", "GoogleCode.Core\GoogleCode.Core.csproj", "{624D7472-B606-42B0-BCF4-AAD916E59D75}"
EndProject
Project("{FAE04EC0-301F-11D3-BF4B-00C04F79EFBC}") = "GoogleCode.Data.Mapping", "GoogleCode.Data.Mapping\GoogleCode.Data.Mapping.csproj", "{9B15EB24-D99E-4EA6-993B-A67711FEA721}"
EndProject
Project("{FAE04EC0-301F-11D3-BF4B-00C04F79EFBC}") = "GoogleCode.Data.Tests", "GoogleCode.Data.Tests\GoogleCode.Data.Tests.csproj", "{8ED7E0E4-827E-4B82-92A5-A0DF641A3662}"
EndProject
Project("{FAE04EC0-301F-11D3-BF4B-00C04F79EFBC}") = "GDNET.Common", "..\..\..\Common\GDNET.Common\GDNET.Common.csproj", "{1B78D604-DA64-4D22-A453-560A3009F26C}"
EndProject
Project("{FAE04EC0-301F-11D3-BF4B-00C04F79EFBC}") = "GDNET.Extensions.NHibernateImpl", "..\..\..\Common\GDNET.Extensions.NHibernateImpl\GDNET.Extensions.NHibernateImpl.csproj", "{EF15E047-8C9D-4BB8-9EAB-E00980E4C3A5}"
EndProject
Project("{FAE04EC0-301F-11D3-BF4B-00C04F79EFBC}") = "GoogleCode.Data", "GoogleCode.Data\GoogleCode.Data.csproj", "{CE40B72E-B022-4AAE-914C-450B194790CB}"
EndProject
Project("{2150E333-8FDC-42A3-9474-1A3956D46DE8}") = "External", "External", "{653DA7F3-DBA5-4115-A961-8DDD6ACC95BB}"
EndProject
Project("{2150E333-8FDC-42A3-9474-1A3956D46DE8}") = "Common", "Common", "{206A991B-1F22-46F0-95D1-FB810B2AD543}"
EndProject
Project("{2150E333-8FDC-42A3-9474-1A3956D46DE8}") = "Tests", "Tests", "{78165084-102A-4DB8-B3E2-D5AFA3E98F98}"
EndProject
Project("{2150E333-8FDC-42A3-9474-1A3956D46DE8}") = "App", "App", "{B3286402-4A71-4417-BF38-BBFF0ABACA05}"
EndProject
Project("{FAE04EC0-301F-11D3-BF4B-00C04F79EFBC}") = "GoogleCode.DataAnalyzer", "GoogleCode.DataAnalyzer\GoogleCode.DataAnalyzer.csproj", "{6336ADE5-DFA4-4733-9000-6D7196C449C7}"
EndProject
Project("{FAE04EC0-301F-11D3-BF4B-00C04F79EFBC}") = "GoogleCodeAnalyzer", "GoogleCodeAnalyzer\GoogleCodeAnalyzer.csproj", "{F160F2D8-A1BE-4606-9352-F58141B96CD4}"
EndProject
Project("{FAE04EC0-301F-11D3-BF4B-00C04F79EFBC}") = "GoogleCode.TestSecondLevelCache", "GoogleCode.TestSecondLevelCache\GoogleCode.TestSecondLevelCache.csproj", "{F6A0858C-FE66-433C-BE4D-DDACDE338229}"
EndProject
Project("{FAE04EC0-301F-11D3-BF4B-00C04F79EFBC}") = "GoogleCodeWebApp", "GoogleCodeWebApp\GoogleCodeWebApp.csproj", "{5C7CF1AF-280F-4724-873B-3824B4191F6D}"
EndProject
Project("{FAE04EC0-301F-11D3-BF4B-00C04F79EFBC}") = "GDNET.Extensions.QuickGenerate", "..\..\..\Common\GDNET.Extensions.QuickGenerate\GDNET.Extensions.QuickGenerate.csproj", "{CF7BBE5D-4A3F-49A4-A938-18F55FD9CEFD}"
EndProject
Project("{FAE04EC0-301F-11D3-BF4B-00C04F79EFBC}") = "GoogleCode.GenerateRandomData", "GoogleCode.GenerateRandomData\GoogleCode.GenerateRandomData.csproj", "{A5C3C00D-ADB1-4555-BF02-EF34BDF79CAC}"
EndProject
Project("{FAE04EC0-301F-11D3-BF4B-00C04F79EFBC}") = "GoogleCode.DataAnalyzer.Tests", "GoogleCode.DataAnalyzer.Tests\GoogleCode.DataAnalyzer.Tests.csproj", "{782C5B75-F961-41D2-AF48-CF94C37AA6F8}"
EndProject
Project("{FAE04EC0-301F-11D3-BF4B-00C04F79EFBC}") = "TVN.LogHelper", "..\..\..\Logging\TVN.LogHelper\TVN.LogHelper.csproj", "{6F91CDF5-D15B-42B4-80D5-1875CBD111A2}"
EndProject
Global
	GlobalSection(SolutionConfigurationPlatforms) = preSolution
		Debug|Any CPU = Debug|Any CPU
		Release|Any CPU = Release|Any CPU
	EndGlobalSection
	GlobalSection(ProjectConfigurationPlatforms) = postSolution
		{624D7472-B606-42B0-BCF4-AAD916E59D75}.Debug|Any CPU.ActiveCfg = Debug|Any CPU
		{624D7472-B606-42B0-BCF4-AAD916E59D75}.Debug|Any CPU.Build.0 = Debug|Any CPU
		{624D7472-B606-42B0-BCF4-AAD916E59D75}.Release|Any CPU.ActiveCfg = Release|Any CPU
		{624D7472-B606-42B0-BCF4-AAD916E59D75}.Release|Any CPU.Build.0 = Release|Any CPU
		{9B15EB24-D99E-4EA6-993B-A67711FEA721}.Debug|Any CPU.ActiveCfg = Debug|Any CPU
		{9B15EB24-D99E-4EA6-993B-A67711FEA721}.Debug|Any CPU.Build.0 = Debug|Any CPU
		{9B15EB24-D99E-4EA6-993B-A67711FEA721}.Release|Any CPU.ActiveCfg = Release|Any CPU
		{9B15EB24-D99E-4EA6-993B-A67711FEA721}.Release|Any CPU.Build.0 = Release|Any CPU
		{8ED7E0E4-827E-4B82-92A5-A0DF641A3662}.Debug|Any CPU.ActiveCfg = Debug|Any CPU
		{8ED7E0E4-827E-4B82-92A5-A0DF641A3662}.Debug|Any CPU.Build.0 = Debug|Any CPU
		{8ED7E0E4-827E-4B82-92A5-A0DF641A3662}.Release|Any CPU.ActiveCfg = Release|Any CPU
		{8ED7E0E4-827E-4B82-92A5-A0DF641A3662}.Release|Any CPU.Build.0 = Release|Any CPU
		{1B78D604-DA64-4D22-A453-560A3009F26C}.Debug|Any CPU.ActiveCfg = Debug|Any CPU
		{1B78D604-DA64-4D22-A453-560A3009F26C}.Debug|Any CPU.Build.0 = Debug|Any CPU
		{1B78D604-DA64-4D22-A453-560A3009F26C}.Release|Any CPU.ActiveCfg = Release|Any CPU
		{1B78D604-DA64-4D22-A453-560A3009F26C}.Release|Any CPU.Build.0 = Release|Any CPU
		{EF15E047-8C9D-4BB8-9EAB-E00980E4C3A5}.Debug|Any CPU.ActiveCfg = Debug|Any CPU
		{EF15E047-8C9D-4BB8-9EAB-E00980E4C3A5}.Debug|Any CPU.Build.0 = Debug|Any CPU
		{EF15E047-8C9D-4BB8-9EAB-E00980E4C3A5}.Release|Any CPU.ActiveCfg = Release|Any CPU
		{EF15E047-8C9D-4BB8-9EAB-E00980E4C3A5}.Release|Any CPU.Build.0 = Release|Any CPU
		{CE40B72E-B022-4AAE-914C-450B194790CB}.Debug|Any CPU.ActiveCfg = Debug|Any CPU
		{CE40B72E-B022-4AAE-914C-450B194790CB}.Debug|Any CPU.Build.0 = Debug|Any CPU
		{CE40B72E-B022-4AAE-914C-450B194790CB}.Release|Any CPU.ActiveCfg = Release|Any CPU
		{CE40B72E-B022-4AAE-914C-450B194790CB}.Release|Any CPU.Build.0 = Release|Any CPU
		{6336ADE5-DFA4-4733-9000-6D7196C449C7}.Debug|Any CPU.ActiveCfg = Debug|Any CPU
		{6336ADE5-DFA4-4733-9000-6D7196C449C7}.Debug|Any CPU.Build.0 = Debug|Any CPU
		{6336ADE5-DFA4-4733-9000-6D7196C449C7}.Release|Any CPU.ActiveCfg = Release|Any CPU
		{6336ADE5-DFA4-4733-9000-6D7196C449C7}.Release|Any CPU.Build.0 = Release|Any CPU
		{F160F2D8-A1BE-4606-9352-F58141B96CD4}.Debug|Any CPU.ActiveCfg = Debug|Any CPU
		{F160F2D8-A1BE-4606-9352-F58141B96CD4}.Debug|Any CPU.Build.0 = Debug|Any CPU
		{F160F2D8-A1BE-4606-9352-F58141B96CD4}.Release|Any CPU.ActiveCfg = Release|Any CPU
		{F160F2D8-A1BE-4606-9352-F58141B96CD4}.Release|Any CPU.Build.0 = Release|Any CPU
		{F6A0858C-FE66-433C-BE4D-DDACDE338229}.Debug|Any CPU.ActiveCfg = Debug|Any CPU
		{F6A0858C-FE66-433C-BE4D-DDACDE338229}.Debug|Any CPU.Build.0 = Debug|Any CPU
		{F6A0858C-FE66-433C-BE4D-DDACDE338229}.Release|Any CPU.ActiveCfg = Release|Any CPU
		{F6A0858C-FE66-433C-BE4D-DDACDE338229}.Release|Any CPU.Build.0 = Release|Any CPU
		{5C7CF1AF-280F-4724-873B-3824B4191F6D}.Debug|Any CPU.ActiveCfg = Debug|Any CPU
		{5C7CF1AF-280F-4724-873B-3824B4191F6D}.Debug|Any CPU.Build.0 = Debug|Any CPU
		{5C7CF1AF-280F-4724-873B-3824B4191F6D}.Release|Any CPU.ActiveCfg = Release|Any CPU
		{5C7CF1AF-280F-4724-873B-3824B4191F6D}.Release|Any CPU.Build.0 = Release|Any CPU
		{CF7BBE5D-4A3F-49A4-A938-18F55FD9CEFD}.Debug|Any CPU.ActiveCfg = Debug|Any CPU
		{CF7BBE5D-4A3F-49A4-A938-18F55FD9CEFD}.Debug|Any CPU.Build.0 = Debug|Any CPU
		{CF7BBE5D-4A3F-49A4-A938-18F55FD9CEFD}.Release|Any CPU.ActiveCfg = Release|Any CPU
		{CF7BBE5D-4A3F-49A4-A938-18F55FD9CEFD}.Release|Any CPU.Build.0 = Release|Any CPU
		{A5C3C00D-ADB1-4555-BF02-EF34BDF79CAC}.Debug|Any CPU.ActiveCfg = Debug|Any CPU
		{A5C3C00D-ADB1-4555-BF02-EF34BDF79CAC}.Debug|Any CPU.Build.0 = Debug|Any CPU
		{A5C3C00D-ADB1-4555-BF02-EF34BDF79CAC}.Release|Any CPU.ActiveCfg = Release|Any CPU
		{A5C3C00D-ADB1-4555-BF02-EF34BDF79CAC}.Release|Any CPU.Build.0 = Release|Any CPU
		{782C5B75-F961-41D2-AF48-CF94C37AA6F8}.Debug|Any CPU.ActiveCfg = Debug|Any CPU
		{782C5B75-F961-41D2-AF48-CF94C37AA6F8}.Debug|Any CPU.Build.0 = Debug|Any CPU
		{782C5B75-F961-41D2-AF48-CF94C37AA6F8}.Release|Any CPU.ActiveCfg = Release|Any CPU
		{782C5B75-F961-41D2-AF48-CF94C37AA6F8}.Release|Any CPU.Build.0 = Release|Any CPU
		{6F91CDF5-D15B-42B4-80D5-1875CBD111A2}.Debug|Any CPU.ActiveCfg = Debug|Any CPU
		{6F91CDF5-D15B-42B4-80D5-1875CBD111A2}.Debug|Any CPU.Build.0 = Debug|Any CPU
		{6F91CDF5-D15B-42B4-80D5-1875CBD111A2}.Release|Any CPU.ActiveCfg = Release|Any CPU
		{6F91CDF5-D15B-42B4-80D5-1875CBD111A2}.Release|Any CPU.Build.0 = Release|Any CPU
	EndGlobalSection
	GlobalSection(SolutionProperties) = preSolution
		HideSolutionNode = FALSE
	EndGlobalSection
	GlobalSection(NestedProjects) = preSolution
		{9B15EB24-D99E-4EA6-993B-A67711FEA721} = {206A991B-1F22-46F0-95D1-FB810B2AD543}
		{CE40B72E-B022-4AAE-914C-450B194790CB} = {206A991B-1F22-46F0-95D1-FB810B2AD543}
		{624D7472-B606-42B0-BCF4-AAD916E59D75} = {206A991B-1F22-46F0-95D1-FB810B2AD543}
		{8ED7E0E4-827E-4B82-92A5-A0DF641A3662} = {78165084-102A-4DB8-B3E2-D5AFA3E98F98}
		{F6A0858C-FE66-433C-BE4D-DDACDE338229} = {78165084-102A-4DB8-B3E2-D5AFA3E98F98}
		{A5C3C00D-ADB1-4555-BF02-EF34BDF79CAC} = {78165084-102A-4DB8-B3E2-D5AFA3E98F98}
		{782C5B75-F961-41D2-AF48-CF94C37AA6F8} = {78165084-102A-4DB8-B3E2-D5AFA3E98F98}
		{EF15E047-8C9D-4BB8-9EAB-E00980E4C3A5} = {653DA7F3-DBA5-4115-A961-8DDD6ACC95BB}
		{1B78D604-DA64-4D22-A453-560A3009F26C} = {653DA7F3-DBA5-4115-A961-8DDD6ACC95BB}
		{CF7BBE5D-4A3F-49A4-A938-18F55FD9CEFD} = {653DA7F3-DBA5-4115-A961-8DDD6ACC95BB}
		{6F91CDF5-D15B-42B4-80D5-1875CBD111A2} = {653DA7F3-DBA5-4115-A961-8DDD6ACC95BB}
		{6336ADE5-DFA4-4733-9000-6D7196C449C7} = {B3286402-4A71-4417-BF38-BBFF0ABACA05}
		{F160F2D8-A1BE-4606-9352-F58141B96CD4} = {B3286402-4A71-4417-BF38-BBFF0ABACA05}
		{5C7CF1AF-280F-4724-873B-3824B4191F6D} = {B3286402-4A71-4417-BF38-BBFF0ABACA05}
	EndGlobalSection
EndGlobal
